
Microsoft Visual Studio Solution File, Format Version 12.00
# Visual Studio Version 16
VisualStudioVersion = 16.0.31515.178
MinimumVisualStudioVersion = 10.0.40219.1
Project("{FAE04EC0-301F-11D3-BF4B-00C04F79EFBC}") = "Crew.Mock.UWP", "Crew.Mock\Crew.Mock.UWP\Crew.Mock.UWP.csproj", "{BF98B862-58FD-48CC-8CF4-C9B8DF34776E}"
EndProject
Project("{FAE04EC0-301F-11D3-BF4B-00C04F79EFBC}") = "Crew.Mock.Android", "Crew.Mock\Crew.Mock.Android\Crew.Mock.Android.csproj", "{0BC1F15D-9F9E-4BF1-8BFE-5D9771127454}"
EndProject
Project("{FAE04EC0-301F-11D3-BF4B-00C04F79EFBC}") = "Crew.Mock.iOS", "Crew.Mock\Crew.Mock.iOS\Crew.Mock.iOS.csproj", "{28995F37-9064-45C8-950C-4F0BCED76D2B}"
EndProject
Project("{9A19103F-16F7-4668-BE54-9A1E7A4F7556}") = "Crew.Mock", "Crew.Mock\Crew.Mock\Crew.Mock.csproj", "{65BAEC98-9564-401F-9AE4-CE9E22CC2256}"
EndProject
Project("{FAE04EC0-301F-11D3-BF4B-00C04F79EFBC}") = "Crew.Mock.UITests", "Crew.Mock.UITests\Crew.Mock.UITests.csproj", "{5C2E0CD3-920A-463D-9B5C-48B6196974EF}"
EndProject
Global
	GlobalSection(SolutionConfigurationPlatforms) = preSolution
		Debug|Any CPU = Debug|Any CPU
		Debug|ARM = Debug|ARM
		Debug|iPhone = Debug|iPhone
		Debug|iPhoneSimulator = Debug|iPhoneSimulator
		Debug|x64 = Debug|x64
		Debug|x86 = Debug|x86
		Release|Any CPU = Release|Any CPU
		Release|ARM = Release|ARM
		Release|iPhone = Release|iPhone
		Release|iPhoneSimulator = Release|iPhoneSimulator
		Release|x64 = Release|x64
		Release|x86 = Release|x86
	EndGlobalSection
	GlobalSection(ProjectConfigurationPlatforms) = postSolution
		{BF98B862-58FD-48CC-8CF4-C9B8DF34776E}.Debug|Any CPU.ActiveCfg = Debug|x86
		{BF98B862-58FD-48CC-8CF4-C9B8DF34776E}.Debug|Any CPU.Build.0 = Debug|x86
		{BF98B862-58FD-48CC-8CF4-C9B8DF34776E}.Debug|Any CPU.Deploy.0 = Debug|x86
		{BF98B862-58FD-48CC-8CF4-C9B8DF34776E}.Debug|ARM.ActiveCfg = Debug|ARM
		{BF98B862-58FD-48CC-8CF4-C9B8DF34776E}.Debug|ARM.Build.0 = Debug|ARM
		{BF98B862-58FD-48CC-8CF4-C9B8DF34776E}.Debug|ARM.Deploy.0 = Debug|ARM
		{BF98B862-58FD-48CC-8CF4-C9B8DF34776E}.Debug|iPhone.ActiveCfg = Debug|x86
		{BF98B862-58FD-48CC-8CF4-C9B8DF34776E}.Debug|iPhone.Build.0 = Debug|x86
		{BF98B862-58FD-48CC-8CF4-C9B8DF34776E}.Debug|iPhone.Deploy.0 = Debug|x86
		{BF98B862-58FD-48CC-8CF4-C9B8DF34776E}.Debug|iPhoneSimulator.ActiveCfg = Debug|x86
		{BF98B862-58FD-48CC-8CF4-C9B8DF34776E}.Debug|iPhoneSimulator.Build.0 = Debug|x86
		{BF98B862-58FD-48CC-8CF4-C9B8DF34776E}.Debug|iPhoneSimulator.Deploy.0 = Debug|x86
		{BF98B862-58FD-48CC-8CF4-C9B8DF34776E}.Debug|x64.ActiveCfg = Debug|x64
		{BF98B862-58FD-48CC-8CF4-C9B8DF34776E}.Debug|x64.Build.0 = Debug|x64
		{BF98B862-58FD-48CC-8CF4-C9B8DF34776E}.Debug|x64.Deploy.0 = Debug|x64
		{BF98B862-58FD-48CC-8CF4-C9B8DF34776E}.Debug|x86.ActiveCfg = Debug|x86
		{BF98B862-58FD-48CC-8CF4-C9B8DF34776E}.Debug|x86.Build.0 = Debug|x86
		{BF98B862-58FD-48CC-8CF4-C9B8DF34776E}.Debug|x86.Deploy.0 = Debug|x86
		{BF98B862-58FD-48CC-8CF4-C9B8DF34776E}.Release|Any CPU.ActiveCfg = Release|x86
		{BF98B862-58FD-48CC-8CF4-C9B8DF34776E}.Release|Any CPU.Build.0 = Release|x86
		{BF98B862-58FD-48CC-8CF4-C9B8DF34776E}.Release|Any CPU.Deploy.0 = Release|x86
		{BF98B862-58FD-48CC-8CF4-C9B8DF34776E}.Release|ARM.ActiveCfg = Release|ARM
		{BF98B862-58FD-48CC-8CF4-C9B8DF34776E}.Release|ARM.Build.0 = Release|ARM
		{BF98B862-58FD-48CC-8CF4-C9B8DF34776E}.Release|ARM.Deploy.0 = Release|ARM
		{BF98B862-58FD-48CC-8CF4-C9B8DF34776E}.Release|iPhone.ActiveCfg = Release|x86
		{BF98B862-58FD-48CC-8CF4-C9B8DF34776E}.Release|iPhone.Build.0 = Release|x86
		{BF98B862-58FD-48CC-8CF4-C9B8DF34776E}.Release|iPhone.Deploy.0 = Release|x86
		{BF98B862-58FD-48CC-8CF4-C9B8DF34776E}.Release|iPhoneSimulator.ActiveCfg = Release|x86
		{BF98B862-58FD-48CC-8CF4-C9B8DF34776E}.Release|iPhoneSimulator.Build.0 = Release|x86
		{BF98B862-58FD-48CC-8CF4-C9B8DF34776E}.Release|iPhoneSimulator.Deploy.0 = Release|x86
		{BF98B862-58FD-48CC-8CF4-C9B8DF34776E}.Release|x64.ActiveCfg = Release|x64
		{BF98B862-58FD-48CC-8CF4-C9B8DF34776E}.Release|x64.Build.0 = Release|x64
		{BF98B862-58FD-48CC-8CF4-C9B8DF34776E}.Release|x64.Deploy.0 = Release|x64
		{BF98B862-58FD-48CC-8CF4-C9B8DF34776E}.Release|x86.ActiveCfg = Release|x86
		{BF98B862-58FD-48CC-8CF4-C9B8DF34776E}.Release|x86.Build.0 = Release|x86
		{BF98B862-58FD-48CC-8CF4-C9B8DF34776E}.Release|x86.Deploy.0 = Release|x86
		{0BC1F15D-9F9E-4BF1-8BFE-5D9771127454}.Debug|Any CPU.ActiveCfg = Debug|Any CPU
		{0BC1F15D-9F9E-4BF1-8BFE-5D9771127454}.Debug|Any CPU.Build.0 = Debug|Any CPU
		{0BC1F15D-9F9E-4BF1-8BFE-5D9771127454}.Debug|Any CPU.Deploy.0 = Debug|Any CPU
		{0BC1F15D-9F9E-4BF1-8BFE-5D9771127454}.Debug|ARM.ActiveCfg = Debug|Any CPU
		{0BC1F15D-9F9E-4BF1-8BFE-5D9771127454}.Debug|ARM.Build.0 = Debug|Any CPU
		{0BC1F15D-9F9E-4BF1-8BFE-5D9771127454}.Debug|ARM.Deploy.0 = Debug|Any CPU
		{0BC1F15D-9F9E-4BF1-8BFE-5D9771127454}.Debug|iPhone.ActiveCfg = Debug|Any CPU
		{0BC1F15D-9F9E-4BF1-8BFE-5D9771127454}.Debug|iPhone.Build.0 = Debug|Any CPU
		{0BC1F15D-9F9E-4BF1-8BFE-5D9771127454}.Debug|iPhone.Deploy.0 = Debug|Any CPU
		{0BC1F15D-9F9E-4BF1-8BFE-5D9771127454}.Debug|iPhoneSimulator.ActiveCfg = Debug|Any CPU
		{0BC1F15D-9F9E-4BF1-8BFE-5D9771127454}.Debug|iPhoneSimulator.Build.0 = Debug|Any CPU
		{0BC1F15D-9F9E-4BF1-8BFE-5D9771127454}.Debug|iPhoneSimulator.Deploy.0 = Debug|Any CPU
		{0BC1F15D-9F9E-4BF1-8BFE-5D9771127454}.Debug|x64.ActiveCfg = Debug|Any CPU
		{0BC1F15D-9F9E-4BF1-8BFE-5D9771127454}.Debug|x64.Build.0 = Debug|Any CPU
		{0BC1F15D-9F9E-4BF1-8BFE-5D9771127454}.Debug|x64.Deploy.0 = Debug|Any CPU
		{0BC1F15D-9F9E-4BF1-8BFE-5D9771127454}.Debug|x86.ActiveCfg = Debug|Any CPU
		{0BC1F15D-9F9E-4BF1-8BFE-5D9771127454}.Debug|x86.Build.0 = Debug|Any CPU
		{0BC1F15D-9F9E-4BF1-8BFE-5D9771127454}.Debug|x86.Deploy.0 = Debug|Any CPU
		{0BC1F15D-9F9E-4BF1-8BFE-5D9771127454}.Release|Any CPU.ActiveCfg = Release|Any CPU
		{0BC1F15D-9F9E-4BF1-8BFE-5D9771127454}.Release|Any CPU.Build.0 = Release|Any CPU
		{0BC1F15D-9F9E-4BF1-8BFE-5D9771127454}.Release|Any CPU.Deploy.0 = Release|Any CPU
		{0BC1F15D-9F9E-4BF1-8BFE-5D9771127454}.Release|ARM.ActiveCfg = Release|Any CPU
		{0BC1F15D-9F9E-4BF1-8BFE-5D9771127454}.Release|ARM.Build.0 = Release|Any CPU
		{0BC1F15D-9F9E-4BF1-8BFE-5D9771127454}.Release|ARM.Deploy.0 = Release|Any CPU
		{0BC1F15D-9F9E-4BF1-8BFE-5D9771127454}.Release|iPhone.ActiveCfg = Release|Any CPU
		{0BC1F15D-9F9E-4BF1-8BFE-5D9771127454}.Release|iPhone.Build.0 = Release|Any CPU
		{0BC1F15D-9F9E-4BF1-8BFE-5D9771127454}.Release|iPhone.Deploy.0 = Release|Any CPU
		{0BC1F15D-9F9E-4BF1-8BFE-5D9771127454}.Release|iPhoneSimulator.ActiveCfg = Release|Any CPU
		{0BC1F15D-9F9E-4BF1-8BFE-5D9771127454}.Release|iPhoneSimulator.Build.0 = Release|Any CPU
		{0BC1F15D-9F9E-4BF1-8BFE-5D9771127454}.Release|iPhoneSimulator.Deploy.0 = Release|Any CPU
		{0BC1F15D-9F9E-4BF1-8BFE-5D9771127454}.Release|x64.ActiveCfg = Release|Any CPU
		{0BC1F15D-9F9E-4BF1-8BFE-5D9771127454}.Release|x64.Build.0 = Release|Any CPU
		{0BC1F15D-9F9E-4BF1-8BFE-5D9771127454}.Release|x64.Deploy.0 = Release|Any CPU
		{0BC1F15D-9F9E-4BF1-8BFE-5D9771127454}.Release|x86.ActiveCfg = Release|Any CPU
		{0BC1F15D-9F9E-4BF1-8BFE-5D9771127454}.Release|x86.Build.0 = Release|Any CPU
		{0BC1F15D-9F9E-4BF1-8BFE-5D9771127454}.Release|x86.Deploy.0 = Release|Any CPU
		{28995F37-9064-45C8-950C-4F0BCED76D2B}.Debug|Any CPU.ActiveCfg = Debug|iPhoneSimulator
		{28995F37-9064-45C8-950C-4F0BCED76D2B}.Debug|Any CPU.Build.0 = Debug|iPhoneSimulator
		{28995F37-9064-45C8-950C-4F0BCED76D2B}.Debug|Any CPU.Deploy.0 = Debug|iPhoneSimulator
		{28995F37-9064-45C8-950C-4F0BCED76D2B}.Debug|ARM.ActiveCfg = Debug|iPhone
		{28995F37-9064-45C8-950C-4F0BCED76D2B}.Debug|ARM.Build.0 = Debug|iPhone
		{28995F37-9064-45C8-950C-4F0BCED76D2B}.Debug|ARM.Deploy.0 = Debug|iPhone
		{28995F37-9064-45C8-950C-4F0BCED76D2B}.Debug|iPhone.ActiveCfg = Debug|iPhone
		{28995F37-9064-45C8-950C-4F0BCED76D2B}.Debug|iPhone.Build.0 = Debug|iPhone
		{28995F37-9064-45C8-950C-4F0BCED76D2B}.Debug|iPhone.Deploy.0 = Debug|iPhone
		{28995F37-9064-45C8-950C-4F0BCED76D2B}.Debug|iPhoneSimulator.ActiveCfg = Debug|iPhoneSimulator
		{28995F37-9064-45C8-950C-4F0BCED76D2B}.Debug|iPhoneSimulator.Build.0 = Debug|iPhoneSimulator
		{28995F37-9064-45C8-950C-4F0BCED76D2B}.Debug|iPhoneSimulator.Deploy.0 = Debug|iPhoneSimulator
		{28995F37-9064-45C8-950C-4F0BCED76D2B}.Debug|x64.ActiveCfg = Debug|iPhoneSimulator
		{28995F37-9064-45C8-950C-4F0BCED76D2B}.Debug|x64.Build.0 = Debug|iPhoneSimulator
		{28995F37-9064-45C8-950C-4F0BCED76D2B}.Debug|x64.Deploy.0 = Debug|iPhoneSimulator
		{28995F37-9064-45C8-950C-4F0BCED76D2B}.Debug|x86.ActiveCfg = Debug|iPhoneSimulator
		{28995F37-9064-45C8-950C-4F0BCED76D2B}.Debug|x86.Build.0 = Debug|iPhoneSimulator
		{28995F37-9064-45C8-950C-4F0BCED76D2B}.Debug|x86.Deploy.0 = Debug|iPhoneSimulator
		{28995F37-9064-45C8-950C-4F0BCED76D2B}.Release|Any CPU.ActiveCfg = Release|iPhoneSimulator
		{28995F37-9064-45C8-950C-4F0BCED76D2B}.Release|Any CPU.Build.0 = Release|iPhoneSimulator
		{28995F37-9064-45C8-950C-4F0BCED76D2B}.Release|Any CPU.Deploy.0 = Release|iPhoneSimulator
		{28995F37-9064-45C8-950C-4F0BCED76D2B}.Release|ARM.ActiveCfg = Release|iPhoneSimulator
		{28995F37-9064-45C8-950C-4F0BCED76D2B}.Release|ARM.Build.0 = Release|iPhoneSimulator
		{28995F37-9064-45C8-950C-4F0BCED76D2B}.Release|ARM.Deploy.0 = Release|iPhoneSimulator
		{28995F37-9064-45C8-950C-4F0BCED76D2B}.Release|iPhone.ActiveCfg = Release|iPhone
		{28995F37-9064-45C8-950C-4F0BCED76D2B}.Release|iPhone.Build.0 = Release|iPhone
		{28995F37-9064-45C8-950C-4F0BCED76D2B}.Release|iPhone.Deploy.0 = Release|iPhone
		{28995F37-9064-45C8-950C-4F0BCED76D2B}.Release|iPhoneSimulator.ActiveCfg = Release|iPhoneSimulator
		{28995F37-9064-45C8-950C-4F0BCED76D2B}.Release|iPhoneSimulator.Build.0 = Release|iPhoneSimulator
		{28995F37-9064-45C8-950C-4F0BCED76D2B}.Release|iPhoneSimulator.Deploy.0 = Release|iPhoneSimulator
		{28995F37-9064-45C8-950C-4F0BCED76D2B}.Release|x64.ActiveCfg = Release|iPhoneSimulator
		{28995F37-9064-45C8-950C-4F0BCED76D2B}.Release|x64.Build.0 = Release|iPhoneSimulator
		{28995F37-9064-45C8-950C-4F0BCED76D2B}.Release|x64.Deploy.0 = Release|iPhoneSimulator
		{28995F37-9064-45C8-950C-4F0BCED76D2B}.Release|x86.ActiveCfg = Release|iPhoneSimulator
		{28995F37-9064-45C8-950C-4F0BCED76D2B}.Release|x86.Build.0 = Release|iPhoneSimulator
		{28995F37-9064-45C8-950C-4F0BCED76D2B}.Release|x86.Deploy.0 = Release|iPhoneSimulator
		{65BAEC98-9564-401F-9AE4-CE9E22CC2256}.Debug|Any CPU.ActiveCfg = Debug|Any CPU
		{65BAEC98-9564-401F-9AE4-CE9E22CC2256}.Debug|Any CPU.Build.0 = Debug|Any CPU
		{65BAEC98-9564-401F-9AE4-CE9E22CC2256}.Debug|Any CPU.Deploy.0 = Debug|Any CPU
		{65BAEC98-9564-401F-9AE4-CE9E22CC2256}.Debug|ARM.ActiveCfg = Debug|Any CPU
		{65BAEC98-9564-401F-9AE4-CE9E22CC2256}.Debug|ARM.Build.0 = Debug|Any CPU
		{65BAEC98-9564-401F-9AE4-CE9E22CC2256}.Debug|ARM.Deploy.0 = Debug|Any CPU
		{65BAEC98-9564-401F-9AE4-CE9E22CC2256}.Debug|iPhone.ActiveCfg = Debug|Any CPU
		{65BAEC98-9564-401F-9AE4-CE9E22CC2256}.Debug|iPhone.Build.0 = Debug|Any CPU
		{65BAEC98-9564-401F-9AE4-CE9E22CC2256}.Debug|iPhone.Deploy.0 = Debug|Any CPU
		{65BAEC98-9564-401F-9AE4-CE9E22CC2256}.Debug|iPhoneSimulator.ActiveCfg = Debug|Any CPU
		{65BAEC98-9564-401F-9AE4-CE9E22CC2256}.Debug|iPhoneSimulator.Build.0 = Debug|Any CPU
		{65BAEC98-9564-401F-9AE4-CE9E22CC2256}.Debug|iPhoneSimulator.Deploy.0 = Debug|Any CPU
		{65BAEC98-9564-401F-9AE4-CE9E22CC2256}.Debug|x64.ActiveCfg = Debug|Any CPU
		{65BAEC98-9564-401F-9AE4-CE9E22CC2256}.Debug|x64.Build.0 = Debug|Any CPU
		{65BAEC98-9564-401F-9AE4-CE9E22CC2256}.Debug|x64.Deploy.0 = Debug|Any CPU
		{65BAEC98-9564-401F-9AE4-CE9E22CC2256}.Debug|x86.ActiveCfg = Debug|Any CPU
		{65BAEC98-9564-401F-9AE4-CE9E22CC2256}.Debug|x86.Build.0 = Debug|Any CPU
		{65BAEC98-9564-401F-9AE4-CE9E22CC2256}.Debug|x86.Deploy.0 = Debug|Any CPU
		{65BAEC98-9564-401F-9AE4-CE9E22CC2256}.Release|Any CPU.ActiveCfg = Release|Any CPU
		{65BAEC98-9564-401F-9AE4-CE9E22CC2256}.Release|Any CPU.Build.0 = Release|Any CPU
		{65BAEC98-9564-401F-9AE4-CE9E22CC2256}.Release|Any CPU.Deploy.0 = Release|Any CPU
		{65BAEC98-9564-401F-9AE4-CE9E22CC2256}.Release|ARM.ActiveCfg = Release|Any CPU
		{65BAEC98-9564-401F-9AE4-CE9E22CC2256}.Release|ARM.Build.0 = Release|Any CPU
		{65BAEC98-9564-401F-9AE4-CE9E22CC2256}.Release|ARM.Deploy.0 = Release|Any CPU
		{65BAEC98-9564-401F-9AE4-CE9E22CC2256}.Release|iPhone.ActiveCfg = Release|Any CPU
		{65BAEC98-9564-401F-9AE4-CE9E22CC2256}.Release|iPhone.Build.0 = Release|Any CPU
		{65BAEC98-9564-401F-9AE4-CE9E22CC2256}.Release|iPhone.Deploy.0 = Release|Any CPU
		{65BAEC98-9564-401F-9AE4-CE9E22CC2256}.Release|iPhoneSimulator.ActiveCfg = Release|Any CPU
		{65BAEC98-9564-401F-9AE4-CE9E22CC2256}.Release|iPhoneSimulator.Build.0 = Release|Any CPU
		{65BAEC98-9564-401F-9AE4-CE9E22CC2256}.Release|iPhoneSimulator.Deploy.0 = Release|Any CPU
		{65BAEC98-9564-401F-9AE4-CE9E22CC2256}.Release|x64.ActiveCfg = Release|Any CPU
		{65BAEC98-9564-401F-9AE4-CE9E22CC2256}.Release|x64.Build.0 = Release|Any CPU
		{65BAEC98-9564-401F-9AE4-CE9E22CC2256}.Release|x64.Deploy.0 = Release|Any CPU
		{65BAEC98-9564-401F-9AE4-CE9E22CC2256}.Release|x86.ActiveCfg = Release|Any CPU
		{65BAEC98-9564-401F-9AE4-CE9E22CC2256}.Release|x86.Build.0 = Release|Any CPU
		{65BAEC98-9564-401F-9AE4-CE9E22CC2256}.Release|x86.Deploy.0 = Release|Any CPU
		{5C2E0CD3-920A-463D-9B5C-48B6196974EF}.Debug|Any CPU.ActiveCfg = Debug|Any CPU
		{5C2E0CD3-920A-463D-9B5C-48B6196974EF}.Debug|Any CPU.Build.0 = Debug|Any CPU
		{5C2E0CD3-920A-463D-9B5C-48B6196974EF}.Debug|ARM.ActiveCfg = Debug|Any CPU
		{5C2E0CD3-920A-463D-9B5C-48B6196974EF}.Debug|ARM.Build.0 = Debug|Any CPU
		{5C2E0CD3-920A-463D-9B5C-48B6196974EF}.Debug|iPhone.ActiveCfg = Debug|Any CPU
		{5C2E0CD3-920A-463D-9B5C-48B6196974EF}.Debug|iPhone.Build.0 = Debug|Any CPU
		{5C2E0CD3-920A-463D-9B5C-48B6196974EF}.Debug|iPhoneSimulator.ActiveCfg = Debug|Any CPU
		{5C2E0CD3-920A-463D-9B5C-48B6196974EF}.Debug|iPhoneSimulator.Build.0 = Debug|Any CPU
		{5C2E0CD3-920A-463D-9B5C-48B6196974EF}.Debug|x64.ActiveCfg = Debug|Any CPU
		{5C2E0CD3-920A-463D-9B5C-48B6196974EF}.Debug|x64.Build.0 = Debug|Any CPU
		{5C2E0CD3-920A-463D-9B5C-48B6196974EF}.Debug|x86.ActiveCfg = Debug|Any CPU
		{5C2E0CD3-920A-463D-9B5C-48B6196974EF}.Debug|x86.Build.0 = Debug|Any CPU
		{5C2E0CD3-920A-463D-9B5C-48B6196974EF}.Release|Any CPU.ActiveCfg = Release|Any CPU
		{5C2E0CD3-920A-463D-9B5C-48B6196974EF}.Release|Any CPU.Build.0 = Release|Any CPU
		{5C2E0CD3-920A-463D-9B5C-48B6196974EF}.Release|ARM.ActiveCfg = Release|Any CPU
		{5C2E0CD3-920A-463D-9B5C-48B6196974EF}.Release|ARM.Build.0 = Release|Any CPU
		{5C2E0CD3-920A-463D-9B5C-48B6196974EF}.Release|iPhone.ActiveCfg = Release|Any CPU
		{5C2E0CD3-920A-463D-9B5C-48B6196974EF}.Release|iPhone.Build.0 = Release|Any CPU
		{5C2E0CD3-920A-463D-9B5C-48B6196974EF}.Release|iPhoneSimulator.ActiveCfg = Release|Any CPU
		{5C2E0CD3-920A-463D-9B5C-48B6196974EF}.Release|iPhoneSimulator.Build.0 = Release|Any CPU
		{5C2E0CD3-920A-463D-9B5C-48B6196974EF}.Release|x64.ActiveCfg = Release|Any CPU
		{5C2E0CD3-920A-463D-9B5C-48B6196974EF}.Release|x64.Build.0 = Release|Any CPU
		{5C2E0CD3-920A-463D-9B5C-48B6196974EF}.Release|x86.ActiveCfg = Release|Any CPU
		{5C2E0CD3-920A-463D-9B5C-48B6196974EF}.Release|x86.Build.0 = Release|Any CPU
	EndGlobalSection
	GlobalSection(SolutionProperties) = preSolution
		HideSolutionNode = FALSE
	EndGlobalSection
	GlobalSection(ExtensibilityGlobals) = postSolution
		SolutionGuid = {4AC97F0A-0823-4C45-BDA6-6389E17C2E0F}
	EndGlobalSection
EndGlobal
